// !$*UTF8*$!
{
	archiveVersion = 1;
	classes = {
	};
	objectVersion = 48;
	objects = {

/* Begin PBXBuildFile section */
		54FD80012005CEC3006122C2 /* AppDelegate.swift in Sources */ = {isa = PBXBuildFile; fileRef = 54FD80002005CEC3006122C2 /* AppDelegate.swift */; };
		54FD80032005CEC3006122C2 /* ViewController.swift in Sources */ = {isa = PBXBuildFile; fileRef = 54FD80022005CEC3006122C2 /* ViewController.swift */; };
		54FD80062005CEC3006122C2 /* Main.storyboard in Resources */ = {isa = PBXBuildFile; fileRef = 54FD80042005CEC3006122C2 /* Main.storyboard */; };
		54FD80082005CEC3006122C2 /* Assets.xcassets in Resources */ = {isa = PBXBuildFile; fileRef = 54FD80072005CEC3006122C2 /* Assets.xcassets */; };
		54FD800B2005CEC3006122C2 /* LaunchScreen.storyboard in Resources */ = {isa = PBXBuildFile; fileRef = 54FD80092005CEC3006122C2 /* LaunchScreen.storyboard */; };
		54FD80162005CEC3006122C2 /* unit_1_mvvmTests.swift in Sources */ = {isa = PBXBuildFile; fileRef = 54FD80152005CEC3006122C2 /* unit_1_mvvmTests.swift */; };
/* End PBXBuildFile section */

/* Begin PBXContainerItemProxy section */
		54FD80122005CEC3006122C2 /* PBXContainerItemProxy */ = {
			isa = PBXContainerItemProxy;
			containerPortal = 54FD7FF52005CEC3006122C2 /* Project object */;
			proxyType = 1;
			remoteGlobalIDString = 54FD7FFC2005CEC3006122C2;
			remoteInfo = unit_1_mvvm;
		};
/* End PBXContainerItemProxy section */

/* Begin PBXFileReference section */
		54FD7FFD2005CEC3006122C2 /* unit_1_mvvm.app */ = {isa = PBXFileReference; explicitFileType = wrapper.application; includeInIndex = 0; path = unit_1_mvvm.app; sourceTree = BUILT_PRODUCTS_DIR; };
		54FD80002005CEC3006122C2 /* AppDelegate.swift */ = {isa = PBXFileReference; lastKnownFileType = sourcecode.swift; path = AppDelegate.swift; sourceTree = "<group>"; };
		54FD80022005CEC3006122C2 /* ViewController.swift */ = {isa = PBXFileReference; lastKnownFileType = sourcecode.swift; path = ViewController.swift; sourceTree = "<group>"; };
		54FD80052005CEC3006122C2 /* Base */ = {isa = PBXFileReference; lastKnownFileType = file.storyboard; name = Base; path = Base.lproj/Main.storyboard; sourceTree = "<group>"; };
		54FD80072005CEC3006122C2 /* Assets.xcassets */ = {isa = PBXFileReference; lastKnownFileType = folder.assetcatalog; path = Assets.xcassets; sourceTree = "<group>"; };
		54FD800A2005CEC3006122C2 /* Base */ = {isa = PBXFileReference; lastKnownFileType = file.storyboard; name = Base; path = Base.lproj/LaunchScreen.storyboard; sourceTree = "<group>"; };
		54FD800C2005CEC3006122C2 /* Info.plist */ = {isa = PBXFileReference; lastKnownFileType = text.plist.xml; path = Info.plist; sourceTree = "<group>"; };
		54FD80112005CEC3006122C2 /* unit_1_mvvmTests.xctest */ = {isa = PBXFileReference; explicitFileType = wrapper.cfbundle; includeInIndex = 0; path = unit_1_mvvmTests.xctest; sourceTree = BUILT_PRODUCTS_DIR; };
		54FD80152005CEC3006122C2 /* unit_1_mvvmTests.swift */ = {isa = PBXFileReference; lastKnownFileType = sourcecode.swift; path = unit_1_mvvmTests.swift; sourceTree = "<group>"; };
		54FD80172005CEC3006122C2 /* Info.plist */ = {isa = PBXFileReference; lastKnownFileType = text.plist.xml; path = Info.plist; sourceTree = "<group>"; };
/* End PBXFileReference section */

/* Begin PBXFrameworksBuildPhase section */
		54FD7FFA2005CEC3006122C2 /* Frameworks */ = {
			isa = PBXFrameworksBuildPhase;
			buildActionMask = 2147483647;
			files = (
			);
			runOnlyForDeploymentPostprocessing = 0;
		};
		54FD800E2005CEC3006122C2 /* Frameworks */ = {
			isa = PBXFrameworksBuildPhase;
			buildActionMask = 2147483647;
			files = (
			);
			runOnlyForDeploymentPostprocessing = 0;
		};
/* End PBXFrameworksBuildPhase section */

/* Begin PBXGroup section */
		54FD7FF42005CEC3006122C2 = {
			isa = PBXGroup;
			children = (
				54FD7FFF2005CEC3006122C2 /* unit_1_mvvm */,
				54FD80142005CEC3006122C2 /* unit_1_mvvmTests */,
				54FD7FFE2005CEC3006122C2 /* Products */,
			);
			sourceTree = "<group>";
		};
		54FD7FFE2005CEC3006122C2 /* Products */ = {
			isa = PBXGroup;
			children = (
				54FD7FFD2005CEC3006122C2 /* unit_1_mvvm.app */,
				54FD80112005CEC3006122C2 /* unit_1_mvvmTests.xctest */,
			);
			name = Products;
			sourceTree = "<group>";
		};
		54FD7FFF2005CEC3006122C2 /* unit_1_mvvm */ = {
			isa = PBXGroup;
			children = (
				54FD80002005CEC3006122C2 /* AppDelegate.swift */,
				54FD80022005CEC3006122C2 /* ViewController.swift */,
				54FD80042005CEC3006122C2 /* Main.storyboard */,
				54FD80072005CEC3006122C2 /* Assets.xcassets */,
				54FD80092005CEC3006122C2 /* LaunchScreen.storyboard */,
				54FD800C2005CEC3006122C2 /* Info.plist */,
			);
			path = unit_1_mvvm;
			sourceTree = "<group>";
		};
		54FD80142005CEC3006122C2 /* unit_1_mvvmTests */ = {
			isa = PBXGroup;
			children = (
				54FD80152005CEC3006122C2 /* unit_1_mvvmTests.swift */,
				54FD80172005CEC3006122C2 /* Info.plist */,
			);
			path = unit_1_mvvmTests;
			sourceTree = "<group>";
		};
/* End PBXGroup section */

/* Begin PBXNativeTarget section */
		54FD7FFC2005CEC3006122C2 /* unit_1_mvvm */ = {
			isa = PBXNativeTarget;
			buildConfigurationList = 54FD801A2005CEC3006122C2 /* Build configuration list for PBXNativeTarget "unit_1_mvvm" */;
			buildPhases = (
				54FD7FF92005CEC3006122C2 /* Sources */,
				54FD7FFA2005CEC3006122C2 /* Frameworks */,
				54FD7FFB2005CEC3006122C2 /* Resources */,
			);
			buildRules = (
			);
			dependencies = (
			);
			name = unit_1_mvvm;
			productName = unit_1_mvvm;
			productReference = 54FD7FFD2005CEC3006122C2 /* unit_1_mvvm.app */;
			productType = "com.apple.product-type.application";
		};
		54FD80102005CEC3006122C2 /* unit_1_mvvmTests */ = {
			isa = PBXNativeTarget;
			buildConfigurationList = 54FD801D2005CEC3006122C2 /* Build configuration list for PBXNativeTarget "unit_1_mvvmTests" */;
			buildPhases = (
				54FD800D2005CEC3006122C2 /* Sources */,
				54FD800E2005CEC3006122C2 /* Frameworks */,
				54FD800F2005CEC3006122C2 /* Resources */,
			);
			buildRules = (
			);
			dependencies = (
				54FD80132005CEC3006122C2 /* PBXTargetDependency */,
			);
			name = unit_1_mvvmTests;
			productName = unit_1_mvvmTests;
			productReference = 54FD80112005CEC3006122C2 /* unit_1_mvvmTests.xctest */;
			productType = "com.apple.product-type.bundle.unit-test";
		};
/* End PBXNativeTarget section */

/* Begin PBXProject section */
		54FD7FF52005CEC3006122C2 /* Project object */ = {
			isa = PBXProject;
			attributes = {
				LastSwiftUpdateCheck = 0920;
				LastUpgradeCheck = 0920;
				ORGANIZATIONNAME = "Komsit Chusangthong";
				TargetAttributes = {
					54FD7FFC2005CEC3006122C2 = {
						CreatedOnToolsVersion = 9.2;
						ProvisioningStyle = Automatic;
					};
					54FD80102005CEC3006122C2 = {
						CreatedOnToolsVersion = 9.2;
						ProvisioningStyle = Automatic;
						TestTargetID = 54FD7FFC2005CEC3006122C2;
					};
				};
			};
			buildConfigurationList = 54FD7FF82005CEC3006122C2 /* Build configuration list for PBXProject "unit_1_mvvm" */;
			compatibilityVersion = "Xcode 8.0";
			developmentRegion = en;
			hasScannedForEncodings = 0;
			knownRegions = (
				en,
				Base,
			);
			mainGroup = 54FD7FF42005CEC3006122C2;
			productRefGroup = 54FD7FFE2005CEC3006122C2 /* Products */;
			projectDirPath = "";
			projectRoot = "";
			targets = (
				54FD7FFC2005CEC3006122C2 /* unit_1_mvvm */,
				54FD80102005CEC3006122C2 /* unit_1_mvvmTests */,
			);
		};
/* End PBXProject section */

/* Begin PBXResourcesBuildPhase section */
		54FD7FFB2005CEC3006122C2 /* Resources */ = {
			isa = PBXResourcesBuildPhase;
			buildActionMask = 2147483647;
			files = (
				54FD800B2005CEC3006122C2 /* LaunchScreen.storyboard in Resources */,
				54FD80082005CEC3006122C2 /* Assets.xcassets in Resources */,
				54FD80062005CEC3006122C2 /* Main.storyboard in Resources */,
			);
			runOnlyForDeploymentPostprocessing = 0;
		};
		54FD800F2005CEC3006122C2 /* Resources */ = {
			isa = PBXResourcesBuildPhase;
			buildActionMask = 2147483647;
			files = (
			);
			runOnlyForDeploymentPostprocessing = 0;
		};
/* End PBXResourcesBuildPhase section */

/* Begin PBXSourcesBuildPhase section */
		54FD7FF92005CEC3006122C2 /* Sources */ = {
			isa = PBXSourcesBuildPhase;
			buildActionMask = 2147483647;
			files = (
				54FD80032005CEC3006122C2 /* ViewController.swift in Sources */,
				54FD80012005CEC3006122C2 /* AppDelegate.swift in Sources */,
			);
			runOnlyForDeploymentPostprocessing = 0;
		};
		54FD800D2005CEC3006122C2 /* Sources */ = {
			isa = PBXSourcesBuildPhase;
			buildActionMask = 2147483647;
			files = (
				54FD80162005CEC3006122C2 /* unit_1_mvvmTests.swift in Sources */,
			);
			runOnlyForDeploymentPostprocessing = 0;
		};
/* End PBXSourcesBuildPhase section */

/* Begin PBXTargetDependency section */
		54FD80132005CEC3006122C2 /* PBXTargetDependency */ = {
			isa = PBXTargetDependency;
			target = 54FD7FFC2005CEC3006122C2 /* unit_1_mvvm */;
			targetProxy = 54FD80122005CEC3006122C2 /* PBXContainerItemProxy */;
		};
/* End PBXTargetDependency section */

/* Begin PBXVariantGroup section */
		54FD80042005CEC3006122C2 /* Main.storyboard */ = {
			isa = PBXVariantGroup;
			children = (
				54FD80052005CEC3006122C2 /* Base */,
			);
			name = Main.storyboard;
			sourceTree = "<group>";
		};
		54FD80092005CEC3006122C2 /* LaunchScreen.storyboard */ = {
			isa = PBXVariantGroup;
			children = (
				54FD800A2005CEC3006122C2 /* Base */,
			);
			name = LaunchScreen.storyboard;
			sourceTree = "<group>";
		};
/* End PBXVariantGroup section */

/* Begin XCBuildConfiguration section */
		54FD80182005CEC3006122C2 /* Debug */ = {
			isa = XCBuildConfiguration;
			buildSettings = {
				ALWAYS_SEARCH_USER_PATHS = NO;
				CLANG_ANALYZER_NONNULL = YES;
				CLANG_ANALYZER_NUMBER_OBJECT_CONVERSION = YES_AGGRESSIVE;
				CLANG_CXX_LANGUAGE_STANDARD = "gnu++14";
				CLANG_CXX_LIBRARY = "libc++";
				CLANG_ENABLE_MODULES = YES;
				CLANG_ENABLE_OBJC_ARC = YES;
				CLANG_WARN_BLOCK_CAPTURE_AUTORELEASING = YES;
				CLANG_WARN_BOOL_CONVERSION = YES;
				CLANG_WARN_COMMA = YES;
				CLANG_WARN_CONSTANT_CONVERSION = YES;
				CLANG_WARN_DIRECT_OBJC_ISA_USAGE = YES_ERROR;
				CLANG_WARN_DOCUMENTATION_COMMENTS = YES;
				CLANG_WARN_EMPTY_BODY = YES;
				CLANG_WARN_ENUM_CONVERSION = YES;
				CLANG_WARN_INFINITE_RECURSION = YES;
				CLANG_WARN_INT_CONVERSION = YES;
				CLANG_WARN_NON_LITERAL_NULL_CONVERSION = YES;
				CLANG_WARN_OBJC_LITERAL_CONVERSION = YES;
				CLANG_WARN_OBJC_ROOT_CLASS = YES_ERROR;
				CLANG_WARN_RANGE_LOOP_ANALYSIS = YES;
				CLANG_WARN_STRICT_PROTOTYPES = YES;
				CLANG_WARN_SUSPICIOUS_MOVE = YES;
				CLANG_WARN_UNGUARDED_AVAILABILITY = YES_AGGRESSIVE;
				CLANG_WARN_UNREACHABLE_CODE = YES;
				CLANG_WARN__DUPLICATE_METHOD_MATCH = YES;
				CODE_SIGN_IDENTITY = "iPhone Developer";
				COPY_PHASE_STRIP = NO;
				DEBUG_INFORMATION_FORMAT = dwarf;
				ENABLE_STRICT_OBJC_MSGSEND = YES;
				ENABLE_TESTABILITY = YES;
				GCC_C_LANGUAGE_STANDARD = gnu11;
				GCC_DYNAMIC_NO_PIC = NO;
				GCC_NO_COMMON_BLOCKS = YES;
				GCC_OPTIMIZATION_LEVEL = 0;
				GCC_PREPROCESSOR_DEFINITIONS = (
					"DEBUG=1",
					"$(inherited)",
				);
				GCC_WARN_64_TO_32_BIT_CONVERSION = YES;
				GCC_WARN_ABOUT_RETURN_TYPE = YES_ERROR;
				GCC_WARN_UNDECLARED_SELECTOR = YES;
				GCC_WARN_UNINITIALIZED_AUTOS = YES_AGGRESSIVE;
				GCC_WARN_UNUSED_FUNCTION = YES;
				GCC_WARN_UNUSED_VARIABLE = YES;
				IPHONEOS_DEPLOYMENT_TARGET = 11.2;
				MTL_ENABLE_DEBUG_INFO = YES;
				ONLY_ACTIVE_ARCH = YES;
				SDKROOT = iphoneos;
				SWIFT_ACTIVE_COMPILATION_CONDITIONS = DEBUG;
				SWIFT_OPTIMIZATION_LEVEL = "-Onone";
			};
			name = Debug;
		};
		54FD80192005CEC3006122C2 /* Release */ = {
			isa = XCBuildConfiguration;
			buildSettings = {
				ALWAYS_SEARCH_USER_PATHS = NO;
				CLANG_ANALYZER_NONNULL = YES;
				CLANG_ANALYZER_NUMBER_OBJECT_CONVERSION = YES_AGGRESSIVE;
				CLANG_CXX_LANGUAGE_STANDARD = "gnu++14";
				CLANG_CXX_LIBRARY = "libc++";
				CLANG_ENABLE_MODULES = YES;
				CLANG_ENABLE_OBJC_ARC = YES;
				CLANG_WARN_BLOCK_CAPTURE_AUTORELEASING = YES;
				CLANG_WARN_BOOL_CONVERSION = YES;
				CLANG_WARN_COMMA = YES;
				CLANG_WARN_CONSTANT_CONVERSION = YES;
				CLANG_WARN_DIRECT_OBJC_ISA_USAGE = YES_ERROR;
				CLANG_WARN_DOCUMENTATION_COMMENTS = YES;
				CLANG_WARN_EMPTY_BODY = YES;
				CLANG_WARN_ENUM_CONVERSION = YES;
				CLANG_WARN_INFINITE_RECURSION = YES;
				CLANG_WARN_INT_CONVERSION = YES;
				CLANG_WARN_NON_LITERAL_NULL_CONVERSION = YES;
				CLANG_WARN_OBJC_LITERAL_CONVERSION = YES;
				CLANG_WARN_OBJC_ROOT_CLASS = YES_ERROR;
				CLANG_WARN_RANGE_LOOP_ANALYSIS = YES;
				CLANG_WARN_STRICT_PROTOTYPES = YES;
				CLANG_WARN_SUSPICIOUS_MOVE = YES;
				CLANG_WARN_UNGUARDED_AVAILABILITY = YES_AGGRESSIVE;
				CLANG_WARN_UNREACHABLE_CODE = YES;
				CLANG_WARN__DUPLICATE_METHOD_MATCH = YES;
				CODE_SIGN_IDENTITY = "iPhone Developer";
				COPY_PHASE_STRIP = NO;
				DEBUG_INFORMATION_FORMAT = "dwarf-with-dsym";
				ENABLE_NS_ASSERTIONS = NO;
				ENABLE_STRICT_OBJC_MSGSEND = YES;
				GCC_C_LANGUAGE_STANDARD = gnu11;
				GCC_NO_COMMON_BLOCKS = YES;
				GCC_WARN_64_TO_32_BIT_CONVERSION = YES;
				GCC_WARN_ABOUT_RETURN_TYPE = YES_ERROR;
				GCC_WARN_UNDECLARED_SELECTOR = YES;
				GCC_WARN_UNINITIALIZED_AUTOS = YES_AGGRESSIVE;
				GCC_WARN_UNUSED_FUNCTION = YES;
				GCC_WARN_UNUSED_VARIABLE = YES;
				IPHONEOS_DEPLOYMENT_TARGET = 11.2;
				MTL_ENABLE_DEBUG_INFO = NO;
				SDKROOT = iphoneos;
				SWIFT_OPTIMIZATION_LEVEL = "-Owholemodule";
				VALIDATE_PRODUCT = YES;
			};
			name = Release;
		};
		54FD801B2005CEC3006122C2 /* Debug */ = {
			isa = XCBuildConfiguration;
			buildSettings = {
				ASSETCATALOG_COMPILER_APPICON_NAME = AppIcon;
				CODE_SIGN_STYLE = Automatic;
				DEVELOPMENT_TEAM = CZS5M9529T;
				INFOPLIST_FILE = unit_1_mvvm/Info.plist;
				LD_RUNPATH_SEARCH_PATHS = "$(inherited) @executable_path/Frameworks";
				PRODUCT_BUNDLE_IDENTIFIER = "com.komsit.unit-1-mvvm";
				PRODUCT_NAME = "$(TARGET_NAME)";
				SWIFT_VERSION = 4.0;
				TARGETED_DEVICE_FAMILY = "1,2";
			};
			name = Debug;
		};
		54FD801C2005CEC3006122C2 /* Release */ = {
			isa = XCBuildConfiguration;
			buildSettings = {
				ASSETCATALOG_COMPILER_APPICON_NAME = AppIcon;
				CODE_SIGN_STYLE = Automatic;
				DEVELOPMENT_TEAM = CZS5M9529T;
				INFOPLIST_FILE = unit_1_mvvm/Info.plist;
				LD_RUNPATH_SEARCH_PATHS = "$(inherited) @executable_path/Frameworks";
				PRODUCT_BUNDLE_IDENTIFIER = "com.komsit.unit-1-mvvm";
				PRODUCT_NAME = "$(TARGET_NAME)";
				SWIFT_VERSION = 4.0;
				TARGETED_DEVICE_FAMILY = "1,2";
			};
			name = Release;
		};
		54FD801E2005CEC3006122C2 /* Debug */ = {
			isa = XCBuildConfiguration;
			buildSettings = {
				ALWAYS_EMBED_SWIFT_STANDARD_LIBRARIES = YES;
				BUNDLE_LOADER = "$(TEST_HOST)";
				CODE_SIGN_STYLE = Automatic;
				DEVELOPMENT_TEAM = CZS5M9529T;
				INFOPLIST_FILE = unit_1_mvvmTests/Info.plist;
				LD_RUNPATH_SEARCH_PATHS = "$(inherited) @executable_path/Frameworks @loader_path/Frameworks";
				PRODUCT_BUNDLE_IDENTIFIER = "com.komsit.unit-1-mvvmTests";
				PRODUCT_NAME = "$(TARGET_NAME)";
				SWIFT_VERSION = 4.0;
				TARGETED_DEVICE_FAMILY = "1,2";
				TEST_HOST = "$(BUILT_PRODUCTS_DIR)/unit_1_mvvm.app/unit_1_mvvm";
			};
			name = Debug;
		};
		54FD801F2005CEC3006122C2 /* Release */ = {
			isa = XCBuildConfiguration;
			buildSettings = {
				ALWAYS_EMBED_SWIFT_STANDARD_LIBRARIES = YES;
				BUNDLE_LOADER = "$(TEST_HOST)";
				CODE_SIGN_STYLE = Automatic;
				DEVELOPMENT_TEAM = CZS5M9529T;
				INFOPLIST_FILE = unit_1_mvvmTests/Info.plist;
				LD_RUNPATH_SEARCH_PATHS = "$(inherited) @executable_path/Frameworks @loader_path/Frameworks";
				PRODUCT_BUNDLE_IDENTIFIER = "com.komsit.unit-1-mvvmTests";
				PRODUCT_NAME = "$(TARGET_NAME)";
				SWIFT_VERSION = 4.0;
				TARGETED_DEVICE_FAMILY = "1,2";
				TEST_HOST = "$(BUILT_PRODUCTS_DIR)/unit_1_mvvm.app/unit_1_mvvm";
			};
			name = Release;
		};
/* End XCBuildConfiguration section */

/* Begin XCConfigurationList section */
		54FD7FF82005CEC3006122C2 /* Build configuration list for PBXProject "unit_1_mvvm" */ = {
			isa = XCConfigurationList;
			buildConfigurations = (
				54FD80182005CEC3006122C2 /* Debug */,
				54FD80192005CEC3006122C2 /* Release */,
			);
			defaultConfigurationIsVisible = 0;
			defaultConfigurationName = Release;
		};
		54FD801A2005CEC3006122C2 /* Build configuration list for PBXNativeTarget "unit_1_mvvm" */ = {
			isa = XCConfigurationList;
			buildConfigurations = (
				54FD801B2005CEC3006122C2 /* Debug */,
				54FD801C2005CEC3006122C2 /* Release */,
			);
			defaultConfigurationIsVisible = 0;
			defaultConfigurationName = Release;
		};
		54FD801D2005CEC3006122C2 /* Build configuration list for PBXNativeTarget "unit_1_mvvmTests" */ = {
			isa = XCConfigurationList;
			buildConfigurations = (
				54FD801E2005CEC3006122C2 /* Debug */,
				54FD801F2005CEC3006122C2 /* Release */,
			);
			defaultConfigurationIsVisible = 0;
			defaultConfigurationName = Release;
		};
/* End XCConfigurationList section */
	};
	rootObject = 54FD7FF52005CEC3006122C2 /* Project object */;
}
